{
  "name": "applicative",
  "version": "1.0.0",
  "lockfileVersion": 2,
  "requires": true,
  "packages": {
    "": {
      "name": "applicative",
      "version": "1.0.0",
      "license": "ISC",
      "dependencies": {
        "ramda": "^0.28.0",
        "sanctuary-maybe": "^2.1.0"
      }
    },
    "node_modules/ramda": {
      "version": "0.28.0",
      "resolved": "https://registry.npmjs.org/ramda/-/ramda-0.28.0.tgz",
      "integrity": "sha512-9QnLuG/kPVgWvMQ4aODhsBUFKOUmnbUnsSXACv+NCQZcHbeb+v8Lodp8OVxtRULN1/xOyYLLaL6npE6dMq5QTA==",
      "funding": {
        "type": "opencollective",
        "url": "https://opencollective.com/ramda"
      }
    },
    "node_modules/sanctuary-maybe": {
      "version": "2.1.0",
      "resolved": "https://registry.npmjs.org/sanctuary-maybe/-/sanctuary-maybe-2.1.0.tgz",
      "integrity": "sha512-xCmvaEkYaIz5klWUrsgvgORKTL3bVYxATp7HyGBY0ZCu9tHJtSYDTpwnqMkRknHFIU986Kr2M/dJdiFvuc6UCQ==",
      "dependencies": {
        "sanctuary-show": "2.0.0",
        "sanctuary-type-classes": "12.1.0"
      }
    },
    "node_modules/sanctuary-show": {
      "version": "2.0.0",
      "resolved": "https://registry.npmjs.org/sanctuary-show/-/sanctuary-show-2.0.0.tgz",
      "integrity": "sha512-REj4ZiioUXnDLj6EpJ9HcYDIEGaEexmB9Fg5o6InZR9f0x5PfnnC21QeU9SZ9E7G8zXSZPNjy8VRUK4safbesw=="
    },
    "node_modules/sanctuary-type-classes": {
      "version": "12.1.0",
      "resolved": "https://registry.npmjs.org/sanctuary-type-classes/-/sanctuary-type-classes-12.1.0.tgz",
      "integrity": "sha512-oWP071Q88dEgJwxHLZp8tc7DoS+mWmYhYOuhP85zznPpIxV1ZjJfyRvcR59YCazyFxyFeBif7bJx1giLhDZW0Q==",
      "dependencies": {
        "sanctuary-type-identifiers": "3.0.0"
      }
    },
    "node_modules/sanctuary-type-identifiers": {
      "version": "3.0.0",
      "resolved": "https://registry.npmjs.org/sanctuary-type-identifiers/-/sanctuary-type-identifiers-3.0.0.tgz",
      "integrity": "sha512-YFXYcG0Ura1dSPd/1xLYtE2XAWUEsBHhMTZvYBOvwT8MeFQwdUOCMm2DC+r94z6H93FVq0qxDac8/D7QpJj6Mg=="
    }
  },
  "dependencies": {
    "ramda": {
      "version": "0.28.0",
      "resolved": "https://registry.npmjs.org/ramda/-/ramda-0.28.0.tgz",
      "integrity": "sha512-9QnLuG/kPVgWvMQ4aODhsBUFKOUmnbUnsSXACv+NCQZcHbeb+v8Lodp8OVxtRULN1/xOyYLLaL6npE6dMq5QTA=="
    },
    "sanctuary-maybe": {
      "version": "2.1.0",
      "resolved": "https://registry.npmjs.org/sanctuary-maybe/-/sanctuary-maybe-2.1.0.tgz",
      "integrity": "sha512-xCmvaEkYaIz5klWUrsgvgORKTL3bVYxATp7HyGBY0ZCu9tHJtSYDTpwnqMkRknHFIU986Kr2M/dJdiFvuc6UCQ==",
      "requires": {
        "sanctuary-show": "2.0.0",
        "sanctuary-type-classes": "12.1.0"
      }
    },
    "sanctuary-show": {
      "version": "2.0.0",
      "resolved": "https://registry.npmjs.org/sanctuary-show/-/sanctuary-show-2.0.0.tgz",
      "integrity": "sha512-REj4ZiioUXnDLj6EpJ9HcYDIEGaEexmB9Fg5o6InZR9f0x5PfnnC21QeU9SZ9E7G8zXSZPNjy8VRUK4safbesw=="
    },
    "sanctuary-type-classes": {
      "version": "12.1.0",
      "resolved": "https://registry.npmjs.org/sanctuary-type-classes/-/sanctuary-type-classes-12.1.0.tgz",
      "integrity": "sha512-oWP071Q88dEgJwxHLZp8tc7DoS+mWmYhYOuhP85zznPpIxV1ZjJfyRvcR59YCazyFxyFeBif7bJx1giLhDZW0Q==",
      "requires": {
        "sanctuary-type-identifiers": "3.0.0"
      }
    },
    "sanctuary-type-identifiers": {
      "version": "3.0.0",
      "resolved": "https://registry.npmjs.org/sanctuary-type-identifiers/-/sanctuary-type-identifiers-3.0.0.tgz",
      "integrity": "sha512-YFXYcG0Ura1dSPd/1xLYtE2XAWUEsBHhMTZvYBOvwT8MeFQwdUOCMm2DC+r94z6H93FVq0qxDac8/D7QpJj6Mg=="
    }
  }
}
